
Microsoft Visual Studio Solution File, Format Version 12.00
# Visual Studio 15
VisualStudioVersion = 15.0.28307.421
MinimumVisualStudioVersion = 10.0.40219.1
Project("{8BC9CEB8-8B4A-11D0-8D11-00A0C91BC942}") = "MathClient", "MathClient\MathClient.vcxproj", "{C261387B-4FAC-4EE9-B4FA-A14F49C6FF88}"
EndProject
Global
	GlobalSection(SolutionConfigurationPlatforms) = preSolution
		Debug|x64 = Debug|x64
		Debug|x86 = Debug|x86
		Release|x64 = Release|x64
		Release|x86 = Release|x86
	EndGlobalSection
	GlobalSection(ProjectConfigurationPlatforms) = postSolution
		{C261387B-4FAC-4EE9-B4FA-A14F49C6FF88}.Debug|x64.ActiveCfg = Debug|x64
		{C261387B-4FAC-4EE9-B4FA-A14F49C6FF88}.Debug|x64.Build.0 = Debug|x64
		{C261387B-4FAC-4EE9-B4FA-A14F49C6FF88}.Debug|x86.ActiveCfg = Debug|Win32
		{C261387B-4FAC-4EE9-B4FA-A14F49C6FF88}.Debug|x86.Build.0 = Debug|Win32
		{C261387B-4FAC-4EE9-B4FA-A14F49C6FF88}.Release|x64.ActiveCfg = Release|x64
		{C261387B-4FAC-4EE9-B4FA-A14F49C6FF88}.Release|x64.Build.0 = Release|x64
		{C261387B-4FAC-4EE9-B4FA-A14F49C6FF88}.Release|x86.ActiveCfg = Release|Win32
		{C261387B-4FAC-4EE9-B4FA-A14F49C6FF88}.Release|x86.Build.0 = Release|Win32
	EndGlobalSection
	GlobalSection(SolutionProperties) = preSolution
		HideSolutionNode = FALSE
	EndGlobalSection
	GlobalSection(ExtensibilityGlobals) = postSolution
		SolutionGuid = {DD9F82CD-E470-41E7-8DAE-7C4DC5F94223}
	EndGlobalSection
EndGlobal
